
Microsoft Visual Studio Solution File, Format Version 12.00
# Visual Studio Version 17
VisualStudioVersion = 17.3.32901.215
MinimumVisualStudioVersion = 10.0.40219.1
Project("{FAE04EC0-301F-11D3-BF4B-00C04F79EFBC}") = "UrlScraperApp", "UrlScraperApp\UrlScraperApp.csproj", "{B9AE92FF-53DC-4C16-B880-879548AC9A92}"
EndProject
Global
	GlobalSection(SolutionConfigurationPlatforms) = preSolution
		Debug|Any CPU = Debug|Any CPU
		Release|Any CPU = Release|Any CPU
	EndGlobalSection
	GlobalSection(ProjectConfigurationPlatforms) = postSolution
		{B9AE92FF-53DC-4C16-B880-879548AC9A92}.Debug|Any CPU.ActiveCfg = Debug|Any CPU
		{B9AE92FF-53DC-4C16-B880-879548AC9A92}.Debug|Any CPU.Build.0 = Debug|Any CPU
		{B9AE92FF-53DC-4C16-B880-879548AC9A92}.Release|Any CPU.ActiveCfg = Release|Any CPU
		{B9AE92FF-53DC-4C16-B880-879548AC9A92}.Release|Any CPU.Build.0 = Release|Any CPU
	EndGlobalSection
	GlobalSection(SolutionProperties) = preSolution
		HideSolutionNode = FALSE
	EndGlobalSection
	GlobalSection(ExtensibilityGlobals) = postSolution
		SolutionGuid = {7D030065-BC2A-4160-AA70-35C9C6EBE8A3}
	EndGlobalSection
EndGlobal
